// !$*UTF8*$!
{
	archiveVersion = 1;
	classes = {
	};
	objectVersion = 46;
	objects = {

/* Begin PBXBuildFile section */
		D715BC6F181FF48700908774 /* Foundation.framework in Frameworks */ = {isa = PBXBuildFile; fileRef = D715BC6E181FF48700908774 /* Foundation.framework */; };
		D715BC71181FF48700908774 /* CoreGraphics.framework in Frameworks */ = {isa = PBXBuildFile; fileRef = D715BC70181FF48700908774 /* CoreGraphics.framework */; };
		D715BC73181FF48700908774 /* UIKit.framework in Frameworks */ = {isa = PBXBuildFile; fileRef = D715BC72181FF48700908774 /* UIKit.framework */; };
		D715BC79181FF48700908774 /* InfoPlist.strings in Resources */ = {isa = PBXBuildFile; fileRef = D715BC77181FF48700908774 /* InfoPlist.strings */; };
		D715BC7B181FF48700908774 /* main.m in Sources */ = {isa = PBXBuildFile; fileRef = D715BC7A181FF48700908774 /* main.m */; };
		D715BC7F181FF48700908774 /* DHAppDelegate.m in Sources */ = {isa = PBXBuildFile; fileRef = D715BC7E181FF48700908774 /* DHAppDelegate.m */; };
		D715BC82181FF48700908774 /* Main.storyboard in Resources */ = {isa = PBXBuildFile; fileRef = D715BC80181FF48700908774 /* Main.storyboard */; };
		D715BC85181FF48700908774 /* DHViewController.m in Sources */ = {isa = PBXBuildFile; fileRef = D715BC84181FF48700908774 /* DHViewController.m */; };
		D715BC87181FF48700908774 /* Images.xcassets in Resources */ = {isa = PBXBuildFile; fileRef = D715BC86181FF48700908774 /* Images.xcassets */; };
		D715BC8E181FF48700908774 /* XCTest.framework in Frameworks */ = {isa = PBXBuildFile; fileRef = D715BC8D181FF48700908774 /* XCTest.framework */; };
		D715BC8F181FF48700908774 /* Foundation.framework in Frameworks */ = {isa = PBXBuildFile; fileRef = D715BC6E181FF48700908774 /* Foundation.framework */; };
		D715BC90181FF48700908774 /* UIKit.framework in Frameworks */ = {isa = PBXBuildFile; fileRef = D715BC72181FF48700908774 /* UIKit.framework */; };
		D715BC98181FF48700908774 /* InfoPlist.strings in Resources */ = {isa = PBXBuildFile; fileRef = D715BC96181FF48700908774 /* InfoPlist.strings */; };
		D715BC9A181FF48700908774 /* UpdaterViewDemoTests.m in Sources */ = {isa = PBXBuildFile; fileRef = D715BC99181FF48700908774 /* UpdaterViewDemoTests.m */; };
		D715BCA9181FF4D400908774 /* DHUpdaterView.m in Sources */ = {isa = PBXBuildFile; fileRef = D715BCA8181FF4D400908774 /* DHUpdaterView.m */; };
/* End PBXBuildFile section */

/* Begin PBXContainerItemProxy section */
		D715BC91181FF48700908774 /* PBXContainerItemProxy */ = {
			isa = PBXContainerItemProxy;
			containerPortal = D715BC63181FF48700908774 /* Project object */;
			proxyType = 1;
			remoteGlobalIDString = D715BC6A181FF48700908774;
			remoteInfo = UpdaterViewDemo;
		};
/* End PBXContainerItemProxy section */

/* Begin PBXFileReference section */
		D715BC6B181FF48700908774 /* UpdaterViewDemo.app */ = {isa = PBXFileReference; explicitFileType = wrapper.application; includeInIndex = 0; path = UpdaterViewDemo.app; sourceTree = BUILT_PRODUCTS_DIR; };
		D715BC6E181FF48700908774 /* Foundation.framework */ = {isa = PBXFileReference; lastKnownFileType = wrapper.framework; name = Foundation.framework; path = System/Library/Frameworks/Foundation.framework; sourceTree = SDKROOT; };
		D715BC70181FF48700908774 /* CoreGraphics.framework */ = {isa = PBXFileReference; lastKnownFileType = wrapper.framework; name = CoreGraphics.framework; path = System/Library/Frameworks/CoreGraphics.framework; sourceTree = SDKROOT; };
		D715BC72181FF48700908774 /* UIKit.framework */ = {isa = PBXFileReference; lastKnownFileType = wrapper.framework; name = UIKit.framework; path = System/Library/Frameworks/UIKit.framework; sourceTree = SDKROOT; };
		D715BC76181FF48700908774 /* UpdaterViewDemo-Info.plist */ = {isa = PBXFileReference; lastKnownFileType = text.plist.xml; path = "UpdaterViewDemo-Info.plist"; sourceTree = "<group>"; };
		D715BC78181FF48700908774 /* en */ = {isa = PBXFileReference; lastKnownFileType = text.plist.strings; name = en; path = en.lproj/InfoPlist.strings; sourceTree = "<group>"; };
		D715BC7A181FF48700908774 /* main.m */ = {isa = PBXFileReference; lastKnownFileType = sourcecode.c.objc; path = main.m; sourceTree = "<group>"; };
		D715BC7C181FF48700908774 /* UpdaterViewDemo-Prefix.pch */ = {isa = PBXFileReference; lastKnownFileType = sourcecode.c.h; path = "UpdaterViewDemo-Prefix.pch"; sourceTree = "<group>"; };
		D715BC7D181FF48700908774 /* DHAppDelegate.h */ = {isa = PBXFileReference; lastKnownFileType = sourcecode.c.h; path = DHAppDelegate.h; sourceTree = "<group>"; };
		D715BC7E181FF48700908774 /* DHAppDelegate.m */ = {isa = PBXFileReference; lastKnownFileType = sourcecode.c.objc; path = DHAppDelegate.m; sourceTree = "<group>"; };
		D715BC81181FF48700908774 /* Base */ = {isa = PBXFileReference; lastKnownFileType = file.storyboard; name = Base; path = Base.lproj/Main.storyboard; sourceTree = "<group>"; };
		D715BC83181FF48700908774 /* DHViewController.h */ = {isa = PBXFileReference; lastKnownFileType = sourcecode.c.h; path = DHViewController.h; sourceTree = "<group>"; };
		D715BC84181FF48700908774 /* DHViewController.m */ = {isa = PBXFileReference; lastKnownFileType = sourcecode.c.objc; path = DHViewController.m; sourceTree = "<group>"; };
		D715BC86181FF48700908774 /* Images.xcassets */ = {isa = PBXFileReference; lastKnownFileType = folder.assetcatalog; path = Images.xcassets; sourceTree = "<group>"; };
		D715BC8C181FF48700908774 /* UpdaterViewDemoTests.xctest */ = {isa = PBXFileReference; explicitFileType = wrapper.cfbundle; includeInIndex = 0; path = UpdaterViewDemoTests.xctest; sourceTree = BUILT_PRODUCTS_DIR; };
		D715BC8D181FF48700908774 /* XCTest.framework */ = {isa = PBXFileReference; lastKnownFileType = wrapper.framework; name = XCTest.framework; path = Library/Frameworks/XCTest.framework; sourceTree = DEVELOPER_DIR; };
		D715BC95181FF48700908774 /* UpdaterViewDemoTests-Info.plist */ = {isa = PBXFileReference; lastKnownFileType = text.plist.xml; path = "UpdaterViewDemoTests-Info.plist"; sourceTree = "<group>"; };
		D715BC97181FF48700908774 /* en */ = {isa = PBXFileReference; lastKnownFileType = text.plist.strings; name = en; path = en.lproj/InfoPlist.strings; sourceTree = "<group>"; };
		D715BC99181FF48700908774 /* UpdaterViewDemoTests.m */ = {isa = PBXFileReference; lastKnownFileType = sourcecode.c.objc; path = UpdaterViewDemoTests.m; sourceTree = "<group>"; };
		D715BCA7181FF4D400908774 /* DHUpdaterView.h */ = {isa = PBXFileReference; fileEncoding = 4; lastKnownFileType = sourcecode.c.h; name = DHUpdaterView.h; path = ../../DHUpdaterView.h; sourceTree = "<group>"; };
		D715BCA8181FF4D400908774 /* DHUpdaterView.m */ = {isa = PBXFileReference; fileEncoding = 4; lastKnownFileType = sourcecode.c.objc; name = DHUpdaterView.m; path = ../../DHUpdaterView.m; sourceTree = "<group>"; };
/* End PBXFileReference section */

/* Begin PBXFrameworksBuildPhase section */
		D715BC68181FF48700908774 /* Frameworks */ = {
			isa = PBXFrameworksBuildPhase;
			buildActionMask = 2147483647;
			files = (
				D715BC71181FF48700908774 /* CoreGraphics.framework in Frameworks */,
				D715BC73181FF48700908774 /* UIKit.framework in Frameworks */,
				D715BC6F181FF48700908774 /* Foundation.framework in Frameworks */,
			);
			runOnlyForDeploymentPostprocessing = 0;
		};
		D715BC89181FF48700908774 /* Frameworks */ = {
			isa = PBXFrameworksBuildPhase;
			buildActionMask = 2147483647;
			files = (
				D715BC8E181FF48700908774 /* XCTest.framework in Frameworks */,
				D715BC90181FF48700908774 /* UIKit.framework in Frameworks */,
				D715BC8F181FF48700908774 /* Foundation.framework in Frameworks */,
			);
			runOnlyForDeploymentPostprocessing = 0;
		};
/* End PBXFrameworksBuildPhase section */

/* Begin PBXGroup section */
		D715BC62181FF48700908774 = {
			isa = PBXGroup;
			children = (
				D715BC74181FF48700908774 /* UpdaterViewDemo */,
				D715BC93181FF48700908774 /* UpdaterViewDemoTests */,
				D715BC6D181FF48700908774 /* Frameworks */,
				D715BC6C181FF48700908774 /* Products */,
			);
			sourceTree = "<group>";
		};
		D715BC6C181FF48700908774 /* Products */ = {
			isa = PBXGroup;
			children = (
				D715BC6B181FF48700908774 /* UpdaterViewDemo.app */,
				D715BC8C181FF48700908774 /* UpdaterViewDemoTests.xctest */,
			);
			name = Products;
			sourceTree = "<group>";
		};
		D715BC6D181FF48700908774 /* Frameworks */ = {
			isa = PBXGroup;
			children = (
				D715BC6E181FF48700908774 /* Foundation.framework */,
				D715BC70181FF48700908774 /* CoreGraphics.framework */,
				D715BC72181FF48700908774 /* UIKit.framework */,
				D715BC8D181FF48700908774 /* XCTest.framework */,
			);
			name = Frameworks;
			sourceTree = "<group>";
		};
		D715BC74181FF48700908774 /* UpdaterViewDemo */ = {
			isa = PBXGroup;
			children = (
				D715BCA3181FF4A600908774 /* DHUpdaterView */,
				D715BC7D181FF48700908774 /* DHAppDelegate.h */,
				D715BC7E181FF48700908774 /* DHAppDelegate.m */,
				D715BC80181FF48700908774 /* Main.storyboard */,
				D715BC83181FF48700908774 /* DHViewController.h */,
				D715BC84181FF48700908774 /* DHViewController.m */,
				D715BC86181FF48700908774 /* Images.xcassets */,
				D715BC75181FF48700908774 /* Supporting Files */,
			);
			path = UpdaterViewDemo;
			sourceTree = "<group>";
		};
		D715BC75181FF48700908774 /* Supporting Files */ = {
			isa = PBXGroup;
			children = (
				D715BC76181FF48700908774 /* UpdaterViewDemo-Info.plist */,
				D715BC77181FF48700908774 /* InfoPlist.strings */,
				D715BC7A181FF48700908774 /* main.m */,
				D715BC7C181FF48700908774 /* UpdaterViewDemo-Prefix.pch */,
			);
			name = "Supporting Files";
			sourceTree = "<group>";
		};
		D715BC93181FF48700908774 /* UpdaterViewDemoTests */ = {
			isa = PBXGroup;
			children = (
				D715BC99181FF48700908774 /* UpdaterViewDemoTests.m */,
				D715BC94181FF48700908774 /* Supporting Files */,
			);
			path = UpdaterViewDemoTests;
			sourceTree = "<group>";
		};
		D715BC94181FF48700908774 /* Supporting Files */ = {
			isa = PBXGroup;
			children = (
				D715BC95181FF48700908774 /* UpdaterViewDemoTests-Info.plist */,
				D715BC96181FF48700908774 /* InfoPlist.strings */,
			);
			name = "Supporting Files";
			sourceTree = "<group>";
		};
		D715BCA3181FF4A600908774 /* DHUpdaterView */ = {
			isa = PBXGroup;
			children = (
				D715BCA7181FF4D400908774 /* DHUpdaterView.h */,
				D715BCA8181FF4D400908774 /* DHUpdaterView.m */,
			);
			name = DHUpdaterView;
			sourceTree = "<group>";
		};
/* End PBXGroup section */

/* Begin PBXNativeTarget section */
		D715BC6A181FF48700908774 /* UpdaterViewDemo */ = {
			isa = PBXNativeTarget;
			buildConfigurationList = D715BC9D181FF48700908774 /* Build configuration list for PBXNativeTarget "UpdaterViewDemo" */;
			buildPhases = (
				D715BC67181FF48700908774 /* Sources */,
				D715BC68181FF48700908774 /* Frameworks */,
				D715BC69181FF48700908774 /* Resources */,
			);
			buildRules = (
			);
			dependencies = (
			);
			name = UpdaterViewDemo;
			productName = UpdaterViewDemo;
			productReference = D715BC6B181FF48700908774 /* UpdaterViewDemo.app */;
			productType = "com.apple.product-type.application";
		};
		D715BC8B181FF48700908774 /* UpdaterViewDemoTests */ = {
			isa = PBXNativeTarget;
			buildConfigurationList = D715BCA0181FF48700908774 /* Build configuration list for PBXNativeTarget "UpdaterViewDemoTests" */;
			buildPhases = (
				D715BC88181FF48700908774 /* Sources */,
				D715BC89181FF48700908774 /* Frameworks */,
				D715BC8A181FF48700908774 /* Resources */,
			);
			buildRules = (
			);
			dependencies = (
				D715BC92181FF48700908774 /* PBXTargetDependency */,
			);
			name = UpdaterViewDemoTests;
			productName = UpdaterViewDemoTests;
			productReference = D715BC8C181FF48700908774 /* UpdaterViewDemoTests.xctest */;
			productType = "com.apple.product-type.bundle.unit-test";
		};
/* End PBXNativeTarget section */

/* Begin PBXProject section */
		D715BC63181FF48700908774 /* Project object */ = {
			isa = PBXProject;
			attributes = {
				CLASSPREFIX = DH;
				LastUpgradeCheck = 0500;
				ORGANIZATIONNAME = Dashend;
				TargetAttributes = {
					D715BC8B181FF48700908774 = {
						TestTargetID = D715BC6A181FF48700908774;
					};
				};
			};
			buildConfigurationList = D715BC66181FF48700908774 /* Build configuration list for PBXProject "UpdaterViewDemo" */;
			compatibilityVersion = "Xcode 3.2";
			developmentRegion = English;
			hasScannedForEncodings = 0;
			knownRegions = (
				en,
				Base,
			);
			mainGroup = D715BC62181FF48700908774;
			productRefGroup = D715BC6C181FF48700908774 /* Products */;
			projectDirPath = "";
			projectRoot = "";
			targets = (
				D715BC6A181FF48700908774 /* UpdaterViewDemo */,
				D715BC8B181FF48700908774 /* UpdaterViewDemoTests */,
			);
		};
/* End PBXProject section */

/* Begin PBXResourcesBuildPhase section */
		D715BC69181FF48700908774 /* Resources */ = {
			isa = PBXResourcesBuildPhase;
			buildActionMask = 2147483647;
			files = (
				D715BC87181FF48700908774 /* Images.xcassets in Resources */,
				D715BC79181FF48700908774 /* InfoPlist.strings in Resources */,
				D715BC82181FF48700908774 /* Main.storyboard in Resources */,
			);
			runOnlyForDeploymentPostprocessing = 0;
		};
		D715BC8A181FF48700908774 /* Resources */ = {
			isa = PBXResourcesBuildPhase;
			buildActionMask = 2147483647;
			files = (
				D715BC98181FF48700908774 /* InfoPlist.strings in Resources */,
			);
			runOnlyForDeploymentPostprocessing = 0;
		};
/* End PBXResourcesBuildPhase section */

/* Begin PBXSourcesBuildPhase section */
		D715BC67181FF48700908774 /* Sources */ = {
			isa = PBXSourcesBuildPhase;
			buildActionMask = 2147483647;
			files = (
				D715BC7F181FF48700908774 /* DHAppDelegate.m in Sources */,
				D715BC85181FF48700908774 /* DHViewController.m in Sources */,
				D715BCA9181FF4D400908774 /* DHUpdaterView.m in Sources */,
				D715BC7B181FF48700908774 /* main.m in Sources */,
			);
			runOnlyForDeploymentPostprocessing = 0;
		};
		D715BC88181FF48700908774 /* Sources */ = {
			isa = PBXSourcesBuildPhase;
			buildActionMask = 2147483647;
			files = (
				D715BC9A181FF48700908774 /* UpdaterViewDemoTests.m in Sources */,
			);
			runOnlyForDeploymentPostprocessing = 0;
		};
/* End PBXSourcesBuildPhase section */

/* Begin PBXTargetDependency section */
		D715BC92181FF48700908774 /* PBXTargetDependency */ = {
			isa = PBXTargetDependency;
			target = D715BC6A181FF48700908774 /* UpdaterViewDemo */;
			targetProxy = D715BC91181FF48700908774 /* PBXContainerItemProxy */;
		};
/* End PBXTargetDependency section */

/* Begin PBXVariantGroup section */
		D715BC77181FF48700908774 /* InfoPlist.strings */ = {
			isa = PBXVariantGroup;
			children = (
				D715BC78181FF48700908774 /* en */,
			);
			name = InfoPlist.strings;
			sourceTree = "<group>";
		};
		D715BC80181FF48700908774 /* Main.storyboard */ = {
			isa = PBXVariantGroup;
			children = (
				D715BC81181FF48700908774 /* Base */,
			);
			name = Main.storyboard;
			sourceTree = "<group>";
		};
		D715BC96181FF48700908774 /* InfoPlist.strings */ = {
			isa = PBXVariantGroup;
			children = (
				D715BC97181FF48700908774 /* en */,
			);
			name = InfoPlist.strings;
			sourceTree = "<group>";
		};
/* End PBXVariantGroup section */

/* Begin XCBuildConfiguration section */
		D715BC9B181FF48700908774 /* Debug */ = {
			isa = XCBuildConfiguration;
			buildSettings = {
				ALWAYS_SEARCH_USER_PATHS = NO;
				ARCHS = "$(ARCHS_STANDARD_INCLUDING_64_BIT)";
				CLANG_CXX_LANGUAGE_STANDARD = "gnu++0x";
				CLANG_CXX_LIBRARY = "libc++";
				CLANG_ENABLE_MODULES = YES;
				CLANG_ENABLE_OBJC_ARC = YES;
				CLANG_WARN_BOOL_CONVERSION = YES;
				CLANG_WARN_CONSTANT_CONVERSION = YES;
				CLANG_WARN_DIRECT_OBJC_ISA_USAGE = YES_ERROR;
				CLANG_WARN_EMPTY_BODY = YES;
				CLANG_WARN_ENUM_CONVERSION = YES;
				CLANG_WARN_INT_CONVERSION = YES;
				CLANG_WARN_OBJC_ROOT_CLASS = YES_ERROR;
				CLANG_WARN__DUPLICATE_METHOD_MATCH = YES;
				"CODE_SIGN_IDENTITY[sdk=iphoneos*]" = "iPhone Developer";
				COPY_PHASE_STRIP = NO;
				GCC_C_LANGUAGE_STANDARD = gnu99;
				GCC_DYNAMIC_NO_PIC = NO;
				GCC_OPTIMIZATION_LEVEL = 0;
				GCC_PREPROCESSOR_DEFINITIONS = (
					"DEBUG=1",
					"$(inherited)",
				);
				GCC_SYMBOLS_PRIVATE_EXTERN = NO;
				GCC_WARN_64_TO_32_BIT_CONVERSION = YES;
				GCC_WARN_ABOUT_RETURN_TYPE = YES_ERROR;
				GCC_WARN_UNDECLARED_SELECTOR = YES;
				GCC_WARN_UNINITIALIZED_AUTOS = YES;
				GCC_WARN_UNUSED_FUNCTION = YES;
				GCC_WARN_UNUSED_VARIABLE = YES;
				IPHONEOS_DEPLOYMENT_TARGET = 7.0;
				ONLY_ACTIVE_ARCH = YES;
				SDKROOT = iphoneos;
			};
			name = Debug;
		};
		D715BC9C181FF48700908774 /* Release */ = {
			isa = XCBuildConfiguration;
			buildSettings = {
				ALWAYS_SEARCH_USER_PATHS = NO;
				ARCHS = "$(ARCHS_STANDARD_INCLUDING_64_BIT)";
				CLANG_CXX_LANGUAGE_STANDARD = "gnu++0x";
				CLANG_CXX_LIBRARY = "libc++";
				CLANG_ENABLE_MODULES = YES;
				CLANG_ENABLE_OBJC_ARC = YES;
				CLANG_WARN_BOOL_CONVERSION = YES;
				CLANG_WARN_CONSTANT_CONVERSION = YES;
				CLANG_WARN_DIRECT_OBJC_ISA_USAGE = YES_ERROR;
				CLANG_WARN_EMPTY_BODY = YES;
				CLANG_WARN_ENUM_CONVERSION = YES;
				CLANG_WARN_INT_CONVERSION = YES;
				CLANG_WARN_OBJC_ROOT_CLASS = YES_ERROR;
				CLANG_WARN__DUPLICATE_METHOD_MATCH = YES;
				"CODE_SIGN_IDENTITY[sdk=iphoneos*]" = "iPhone Developer";
				COPY_PHASE_STRIP = YES;
				ENABLE_NS_ASSERTIONS = NO;
				GCC_C_LANGUAGE_STANDARD = gnu99;
				GCC_WARN_64_TO_32_BIT_CONVERSION = YES;
				GCC_WARN_ABOUT_RETURN_TYPE = YES_ERROR;
				GCC_WARN_UNDECLARED_SELECTOR = YES;
				GCC_WARN_UNINITIALIZED_AUTOS = YES;
				GCC_WARN_UNUSED_FUNCTION = YES;
				GCC_WARN_UNUSED_VARIABLE = YES;
				IPHONEOS_DEPLOYMENT_TARGET = 7.0;
				SDKROOT = iphoneos;
				VALIDATE_PRODUCT = YES;
			};
			name = Release;
		};
		D715BC9E181FF48700908774 /* Debug */ = {
			isa = XCBuildConfiguration;
			buildSettings = {
				ASSETCATALOG_COMPILER_APPICON_NAME = AppIcon;
				ASSETCATALOG_COMPILER_LAUNCHIMAGE_NAME = LaunchImage;
				GCC_PRECOMPILE_PREFIX_HEADER = YES;
				GCC_PREFIX_HEADER = "UpdaterViewDemo/UpdaterViewDemo-Prefix.pch";
				INFOPLIST_FILE = "UpdaterViewDemo/UpdaterViewDemo-Info.plist";
				PRODUCT_NAME = "$(TARGET_NAME)";
				WRAPPER_EXTENSION = app;
			};
			name = Debug;
		};
		D715BC9F181FF48700908774 /* Release */ = {
			isa = XCBuildConfiguration;
			buildSettings = {
				ASSETCATALOG_COMPILER_APPICON_NAME = AppIcon;
				ASSETCATALOG_COMPILER_LAUNCHIMAGE_NAME = LaunchImage;
				GCC_PRECOMPILE_PREFIX_HEADER = YES;
				GCC_PREFIX_HEADER = "UpdaterViewDemo/UpdaterViewDemo-Prefix.pch";
				INFOPLIST_FILE = "UpdaterViewDemo/UpdaterViewDemo-Info.plist";
				PRODUCT_NAME = "$(TARGET_NAME)";
				WRAPPER_EXTENSION = app;
			};
			name = Release;
		};
		D715BCA1181FF48700908774 /* Debug */ = {
			isa = XCBuildConfiguration;
			buildSettings = {
				ARCHS = "$(ARCHS_STANDARD_INCLUDING_64_BIT)";
				BUNDLE_LOADER = "$(BUILT_PRODUCTS_DIR)/UpdaterViewDemo.app/UpdaterViewDemo";
				FRAMEWORK_SEARCH_PATHS = (
					"$(SDKROOT)/Developer/Library/Frameworks",
					"$(inherited)",
					"$(DEVELOPER_FRAMEWORKS_DIR)",
				);
				GCC_PRECOMPILE_PREFIX_HEADER = YES;
				GCC_PREFIX_HEADER = "UpdaterViewDemo/UpdaterViewDemo-Prefix.pch";
				GCC_PREPROCESSOR_DEFINITIONS = (
					"DEBUG=1",
					"$(inherited)",
				);
				INFOPLIST_FILE = "UpdaterViewDemoTests/UpdaterViewDemoTests-Info.plist";
				PRODUCT_NAME = "$(TARGET_NAME)";
				TEST_HOST = "$(BUNDLE_LOADER)";
				WRAPPER_EXTENSION = xctest;
			};
			name = Debug;
		};
		D715BCA2181FF48700908774 /* Release */ = {
			isa = XCBuildConfiguration;
			buildSettings = {
				ARCHS = "$(ARCHS_STANDARD_INCLUDING_64_BIT)";
				BUNDLE_LOADER = "$(BUILT_PRODUCTS_DIR)/UpdaterViewDemo.app/UpdaterViewDemo";
				FRAMEWORK_SEARCH_PATHS = (
					"$(SDKROOT)/Developer/Library/Frameworks",
					"$(inherited)",
					"$(DEVELOPER_FRAMEWORKS_DIR)",
				);
				GCC_PRECOMPILE_PREFIX_HEADER = YES;
				GCC_PREFIX_HEADER = "UpdaterViewDemo/UpdaterViewDemo-Prefix.pch";
				INFOPLIST_FILE = "UpdaterViewDemoTests/UpdaterViewDemoTests-Info.plist";
				PRODUCT_NAME = "$(TARGET_NAME)";
				TEST_HOST = "$(BUNDLE_LOADER)";
				WRAPPER_EXTENSION = xctest;
			};
			name = Release;
		};
/* End XCBuildConfiguration section */

/* Begin XCConfigurationList section */
		D715BC66181FF48700908774 /* Build configuration list for PBXProject "UpdaterViewDemo" */ = {
			isa = XCConfigurationList;
			buildConfigurations = (
				D715BC9B181FF48700908774 /* Debug */,
				D715BC9C181FF48700908774 /* Release */,
			);
			defaultConfigurationIsVisible = 0;
			defaultConfigurationName = Release;
		};
		D715BC9D181FF48700908774 /* Build configuration list for PBXNativeTarget "UpdaterViewDemo" */ = {
			isa = XCConfigurationList;
			buildConfigurations = (
				D715BC9E181FF48700908774 /* Debug */,
				D715BC9F181FF48700908774 /* Release */,
			);
			defaultConfigurationIsVisible = 0;
		};
		D715BCA0181FF48700908774 /* Build configuration list for PBXNativeTarget "UpdaterViewDemoTests" */ = {
			isa = XCConfigurationList;
			buildConfigurations = (
				D715BCA1181FF48700908774 /* Debug */,
				D715BCA2181FF48700908774 /* Release */,
			);
			defaultConfigurationIsVisible = 0;
		};
/* End XCConfigurationList section */
	};
	rootObject = D715BC63181FF48700908774 /* Project object */;
}
